
Microsoft Visual Studio Solution File, Format Version 12.00
# Visual Studio Version 16
VisualStudioVersion = 16.0.30611.23
MinimumVisualStudioVersion = 10.0.40219.1
Project("{9A19103F-16F7-4668-BE54-9A1E7A4F7556}") = "MvcMovie", "src\MvcMovie\MvcMovie.csproj", "{C61F63B3-C9F5-4AE3-8697-4D74DE36C740}"
EndProject
Project("{FAE04EC0-301F-11D3-BF4B-00C04F79EFBC}") = "MvcMovieUnitTests", "src\MvcMovieUnitTests\MvcMovieUnitTests.csproj", "{228C9D25-5432-4501-97AD-1F4F8B28499F}"
EndProject
Global
	GlobalSection(SolutionConfigurationPlatforms) = preSolution
		Debug|Any CPU = Debug|Any CPU
		Release|Any CPU = Release|Any CPU
	EndGlobalSection
	GlobalSection(ProjectConfigurationPlatforms) = postSolution
		{C61F63B3-C9F5-4AE3-8697-4D74DE36C740}.Debug|Any CPU.ActiveCfg = Debug|Any CPU
		{C61F63B3-C9F5-4AE3-8697-4D74DE36C740}.Debug|Any CPU.Build.0 = Debug|Any CPU
		{C61F63B3-C9F5-4AE3-8697-4D74DE36C740}.Release|Any CPU.ActiveCfg = Release|Any CPU
		{C61F63B3-C9F5-4AE3-8697-4D74DE36C740}.Release|Any CPU.Build.0 = Release|Any CPU
		{228C9D25-5432-4501-97AD-1F4F8B28499F}.Debug|Any CPU.ActiveCfg = Debug|Any CPU
		{228C9D25-5432-4501-97AD-1F4F8B28499F}.Debug|Any CPU.Build.0 = Debug|Any CPU
		{228C9D25-5432-4501-97AD-1F4F8B28499F}.Release|Any CPU.ActiveCfg = Release|Any CPU
		{228C9D25-5432-4501-97AD-1F4F8B28499F}.Release|Any CPU.Build.0 = Release|Any CPU
	EndGlobalSection
	GlobalSection(SolutionProperties) = preSolution
		HideSolutionNode = FALSE
	EndGlobalSection
	GlobalSection(ExtensibilityGlobals) = postSolution
		SolutionGuid = {8CFFC763-07DA-4A2D-88F1-E51CD46B4CDB}
	EndGlobalSection
EndGlobal
